
Microsoft Visual Studio Solution File, Format Version 12.00
# Visual Studio Version 17
VisualStudioVersion = 17.14.36221.1 d17.14
MinimumVisualStudioVersion = 10.0.40219.1
Project("{FAE04EC0-301F-11D3-BF4B-00C04F79EFBC}") = "KafkaProducerAppUI", "KafkaProducerAppUI.csproj", "{96147B8F-2687-4D8C-981C-154E9F7CFDE0}"
EndProject
Global
	GlobalSection(SolutionConfigurationPlatforms) = preSolution
		Debug|Any CPU = Debug|Any CPU
		Release|Any CPU = Release|Any CPU
	EndGlobalSection
	GlobalSection(ProjectConfigurationPlatforms) = postSolution
		{96147B8F-2687-4D8C-981C-154E9F7CFDE0}.Debug|Any CPU.ActiveCfg = Debug|Any CPU
		{96147B8F-2687-4D8C-981C-154E9F7CFDE0}.Debug|Any CPU.Build.0 = Debug|Any CPU
		{96147B8F-2687-4D8C-981C-154E9F7CFDE0}.Release|Any CPU.ActiveCfg = Release|Any CPU
		{96147B8F-2687-4D8C-981C-154E9F7CFDE0}.Release|Any CPU.Build.0 = Release|Any CPU
	EndGlobalSection
	GlobalSection(SolutionProperties) = preSolution
		HideSolutionNode = FALSE
	EndGlobalSection
	GlobalSection(ExtensibilityGlobals) = postSolution
		SolutionGuid = {0E14774E-C26D-49BD-BEC4-FA8403231304}
	EndGlobalSection
EndGlobal
