
Microsoft Visual Studio Solution File, Format Version 12.00
# Visual Studio Version 17
VisualStudioVersion = 17.14.36221.1 d17.14
MinimumVisualStudioVersion = 10.0.40219.1
Project("{FAE04EC0-301F-11D3-BF4B-00C04F79EFBC}") = "JwtAuthDemo", "JwtAuthDemo.csproj", "{F44810B0-094F-4DDC-B2B7-9A5DE215176D}"
EndProject
Global
	GlobalSection(SolutionConfigurationPlatforms) = preSolution
		Debug|Any CPU = Debug|Any CPU
		Release|Any CPU = Release|Any CPU
	EndGlobalSection
	GlobalSection(ProjectConfigurationPlatforms) = postSolution
		{F44810B0-094F-4DDC-B2B7-9A5DE215176D}.Debug|Any CPU.ActiveCfg = Debug|Any CPU
		{F44810B0-094F-4DDC-B2B7-9A5DE215176D}.Debug|Any CPU.Build.0 = Debug|Any CPU
		{F44810B0-094F-4DDC-B2B7-9A5DE215176D}.Release|Any CPU.ActiveCfg = Release|Any CPU
		{F44810B0-094F-4DDC-B2B7-9A5DE215176D}.Release|Any CPU.Build.0 = Release|Any CPU
	EndGlobalSection
	GlobalSection(SolutionProperties) = preSolution
		HideSolutionNode = FALSE
	EndGlobalSection
	GlobalSection(ExtensibilityGlobals) = postSolution
		SolutionGuid = {4B4A2952-6FA4-4243-B765-8165593269BA}
	EndGlobalSection
EndGlobal
